# This file is automatically @generated by Cargo.
# It is not intended for manual editing.
version = 4

[[package]]
name = "humanitl"
version = "0.0.0"

[[package]]
name = "humanitl-audit"
version = "0.0.0"

[[package]]
name = "humanitl-catalog"
version = "0.0.0"

[[package]]
name = "humanitl-config"
version = "0.0.0"

[[package]]
name = "humanitl-core"
version = "0.0.0"

[[package]]
name = "humanitl-findings"
version = "0.0.0"

[[package]]
name = "humanitl-ipc"
version = "0.0.0"

[[package]]
name = "humanitl-proxy"
version = "0.0.0"

[[package]]
name = "humanitl-recorder"
version = "0.0.0"

[[package]]
name = "humanitl-rules"
version = "0.0.0"

[[package]]
name = "humanitl-sandbox"
version = "0.0.0"

[[package]]
name = "humanitl-shim"
version = "0.0.0"

[[package]]
name = "humanitl-xtask"
version = "0.0.0"

[[package]]
name = "humanitld"
version = "0.0.0"
